
Microsoft Visual Studio Solution File, Format Version 12.00
# Visual Studio Version 17
VisualStudioVersion = 17.4.33110.190
MinimumVisualStudioVersion = 10.0.40219.1
Project("{FAE04EC0-301F-11D3-BF4B-00C04F79EFBC}") = "Entities", "Entities\Entities.csproj", "{0848E56F-136C-4CA4-BC58-959550453880}"
EndProject
Project("{2150E333-8FDC-42A3-9474-1A3956D46DE8}") = "1 - Apis", "1 - Apis", "{92141D50-EE4A-4C19-A146-50EBFC77A72B}"
EndProject
Project("{2150E333-8FDC-42A3-9474-1A3956D46DE8}") = "2 - Domain", "2 - Domain", "{9AA9BBB1-F63D-428F-B364-29F159611467}"
EndProject
Project("{2150E333-8FDC-42A3-9474-1A3956D46DE8}") = "3 - Infra", "3 - Infra", "{DAD82B9E-9254-451D-8D68-71D46BBEA3BE}"
EndProject
Project("{2150E333-8FDC-42A3-9474-1A3956D46DE8}") = "4 - Entities", "4 - Entities", "{31A5C9C9-B4B4-4DE6-8765-03FC3EA005AE}"
EndProject
Project("{2150E333-8FDC-42A3-9474-1A3956D46DE8}") = "5 - Test", "5 - Test", "{27219D8A-B3D4-4D81-8BD2-555F675789B1}"
EndProject
Project("{FAE04EC0-301F-11D3-BF4B-00C04F79EFBC}") = "Infrastructure", "Infrastructure\Infrastructure.csproj", "{AADBCEA8-30F8-486A-80E0-142DFD824A64}"
EndProject
Project("{FAE04EC0-301F-11D3-BF4B-00C04F79EFBC}") = "Domain", "Dimain\Domain.csproj", "{FB1BE0AF-B516-437D-B531-2C9E48B81CCF}"
EndProject
Project("{FAE04EC0-301F-11D3-BF4B-00C04F79EFBC}") = "WebAPI's", "WebAPI's\WebAPI's.csproj", "{A4B3C582-A08B-4764-8CD9-387CE176AB9C}"
EndProject
Global
	GlobalSection(SolutionConfigurationPlatforms) = preSolution
		Debug|Any CPU = Debug|Any CPU
		Release|Any CPU = Release|Any CPU
	EndGlobalSection
	GlobalSection(ProjectConfigurationPlatforms) = postSolution
		{0848E56F-136C-4CA4-BC58-959550453880}.Debug|Any CPU.ActiveCfg = Debug|Any CPU
		{0848E56F-136C-4CA4-BC58-959550453880}.Debug|Any CPU.Build.0 = Debug|Any CPU
		{0848E56F-136C-4CA4-BC58-959550453880}.Release|Any CPU.ActiveCfg = Release|Any CPU
		{0848E56F-136C-4CA4-BC58-959550453880}.Release|Any CPU.Build.0 = Release|Any CPU
		{AADBCEA8-30F8-486A-80E0-142DFD824A64}.Debug|Any CPU.ActiveCfg = Debug|Any CPU
		{AADBCEA8-30F8-486A-80E0-142DFD824A64}.Debug|Any CPU.Build.0 = Debug|Any CPU
		{AADBCEA8-30F8-486A-80E0-142DFD824A64}.Release|Any CPU.ActiveCfg = Release|Any CPU
		{AADBCEA8-30F8-486A-80E0-142DFD824A64}.Release|Any CPU.Build.0 = Release|Any CPU
		{FB1BE0AF-B516-437D-B531-2C9E48B81CCF}.Debug|Any CPU.ActiveCfg = Debug|Any CPU
		{FB1BE0AF-B516-437D-B531-2C9E48B81CCF}.Debug|Any CPU.Build.0 = Debug|Any CPU
		{FB1BE0AF-B516-437D-B531-2C9E48B81CCF}.Release|Any CPU.ActiveCfg = Release|Any CPU
		{FB1BE0AF-B516-437D-B531-2C9E48B81CCF}.Release|Any CPU.Build.0 = Release|Any CPU
		{A4B3C582-A08B-4764-8CD9-387CE176AB9C}.Debug|Any CPU.ActiveCfg = Debug|Any CPU
		{A4B3C582-A08B-4764-8CD9-387CE176AB9C}.Debug|Any CPU.Build.0 = Debug|Any CPU
		{A4B3C582-A08B-4764-8CD9-387CE176AB9C}.Release|Any CPU.ActiveCfg = Release|Any CPU
		{A4B3C582-A08B-4764-8CD9-387CE176AB9C}.Release|Any CPU.Build.0 = Release|Any CPU
	EndGlobalSection
	GlobalSection(SolutionProperties) = preSolution
		HideSolutionNode = FALSE
	EndGlobalSection
	GlobalSection(NestedProjects) = preSolution
		{0848E56F-136C-4CA4-BC58-959550453880} = {31A5C9C9-B4B4-4DE6-8765-03FC3EA005AE}
		{AADBCEA8-30F8-486A-80E0-142DFD824A64} = {DAD82B9E-9254-451D-8D68-71D46BBEA3BE}
		{FB1BE0AF-B516-437D-B531-2C9E48B81CCF} = {9AA9BBB1-F63D-428F-B364-29F159611467}
		{A4B3C582-A08B-4764-8CD9-387CE176AB9C} = {92141D50-EE4A-4C19-A146-50EBFC77A72B}
	EndGlobalSection
	GlobalSection(ExtensibilityGlobals) = postSolution
		SolutionGuid = {816F8F6C-675B-41DA-BE79-6E76D14362D5}
	EndGlobalSection
EndGlobal
